
Microsoft Visual Studio Solution File, Format Version 12.00
# Visual Studio Version 16
VisualStudioVersion = 16.0.32002.261
MinimumVisualStudioVersion = 10.0.40219.1
Project("{FAE04EC0-301F-11D3-BF4B-00C04F79EFBC}") = "SudokuWebApp", "SudokuWebApp\SudokuWebApp.csproj", "{97426F26-35E1-425F-96D9-70663DDA44EA}"
EndProject
Global
	GlobalSection(SolutionConfigurationPlatforms) = preSolution
		Debug|Any CPU = Debug|Any CPU
		Release|Any CPU = Release|Any CPU
	EndGlobalSection
	GlobalSection(ProjectConfigurationPlatforms) = postSolution
		{97426F26-35E1-425F-96D9-70663DDA44EA}.Debug|Any CPU.ActiveCfg = Debug|Any CPU
		{97426F26-35E1-425F-96D9-70663DDA44EA}.Debug|Any CPU.Build.0 = Debug|Any CPU
		{97426F26-35E1-425F-96D9-70663DDA44EA}.Release|Any CPU.ActiveCfg = Release|Any CPU
		{97426F26-35E1-425F-96D9-70663DDA44EA}.Release|Any CPU.Build.0 = Release|Any CPU
	EndGlobalSection
	GlobalSection(SolutionProperties) = preSolution
		HideSolutionNode = FALSE
	EndGlobalSection
	GlobalSection(ExtensibilityGlobals) = postSolution
		SolutionGuid = {C3DE90B5-DC58-4DC4-97FC-CCF6A7557568}
	EndGlobalSection
EndGlobal
